
Microsoft Visual Studio Solution File, Format Version 12.00
# Visual Studio 15
VisualStudioVersion = 15.0.27004.2010
MinimumVisualStudioVersion = 10.0.40219.1
Project("{FAE04EC0-301F-11D3-BF4B-00C04F79EFBC}") = "Employees.Api", "Employees.Api\Employees.Api.csproj", "{DE52E92C-8BBC-4B53-BA6F-04B18B71D3F1}"
EndProject
Project("{FAE04EC0-301F-11D3-BF4B-00C04F79EFBC}") = "Employees.Business", "Employees.Business\Employees.Business.csproj", "{9E31BE2A-9756-4948-BD12-B3FCCAA1CFF8}"
EndProject
Project("{FAE04EC0-301F-11D3-BF4B-00C04F79EFBC}") = "Employees.Repository", "Employees.Repository\Employees.Repository.csproj", "{C57F92D7-9106-467C-9A3C-FC7AA8ED175E}"
EndProject
Project("{FAE04EC0-301F-11D3-BF4B-00C04F79EFBC}") = "Employees.Util", "Employees.Util\Employees.Util.csproj", "{CC16955B-2E00-4B35-9ECC-C2F27B2B82EE}"
EndProject
Global
	GlobalSection(SolutionConfigurationPlatforms) = preSolution
		Debug|Any CPU = Debug|Any CPU
		Release|Any CPU = Release|Any CPU
	EndGlobalSection
	GlobalSection(ProjectConfigurationPlatforms) = postSolution
		{DE52E92C-8BBC-4B53-BA6F-04B18B71D3F1}.Debug|Any CPU.ActiveCfg = Debug|Any CPU
		{DE52E92C-8BBC-4B53-BA6F-04B18B71D3F1}.Debug|Any CPU.Build.0 = Debug|Any CPU
		{DE52E92C-8BBC-4B53-BA6F-04B18B71D3F1}.Release|Any CPU.ActiveCfg = Release|Any CPU
		{DE52E92C-8BBC-4B53-BA6F-04B18B71D3F1}.Release|Any CPU.Build.0 = Release|Any CPU
		{9E31BE2A-9756-4948-BD12-B3FCCAA1CFF8}.Debug|Any CPU.ActiveCfg = Debug|Any CPU
		{9E31BE2A-9756-4948-BD12-B3FCCAA1CFF8}.Debug|Any CPU.Build.0 = Debug|Any CPU
		{9E31BE2A-9756-4948-BD12-B3FCCAA1CFF8}.Release|Any CPU.ActiveCfg = Release|Any CPU
		{9E31BE2A-9756-4948-BD12-B3FCCAA1CFF8}.Release|Any CPU.Build.0 = Release|Any CPU
		{C57F92D7-9106-467C-9A3C-FC7AA8ED175E}.Debug|Any CPU.ActiveCfg = Debug|Any CPU
		{C57F92D7-9106-467C-9A3C-FC7AA8ED175E}.Debug|Any CPU.Build.0 = Debug|Any CPU
		{C57F92D7-9106-467C-9A3C-FC7AA8ED175E}.Release|Any CPU.ActiveCfg = Release|Any CPU
		{C57F92D7-9106-467C-9A3C-FC7AA8ED175E}.Release|Any CPU.Build.0 = Release|Any CPU
		{CC16955B-2E00-4B35-9ECC-C2F27B2B82EE}.Debug|Any CPU.ActiveCfg = Debug|Any CPU
		{CC16955B-2E00-4B35-9ECC-C2F27B2B82EE}.Debug|Any CPU.Build.0 = Debug|Any CPU
		{CC16955B-2E00-4B35-9ECC-C2F27B2B82EE}.Release|Any CPU.ActiveCfg = Release|Any CPU
		{CC16955B-2E00-4B35-9ECC-C2F27B2B82EE}.Release|Any CPU.Build.0 = Release|Any CPU
	EndGlobalSection
	GlobalSection(SolutionProperties) = preSolution
		HideSolutionNode = FALSE
	EndGlobalSection
	GlobalSection(ExtensibilityGlobals) = postSolution
		SolutionGuid = {1AA6F814-064B-47D6-8DA6-69715F623269}
	EndGlobalSection
EndGlobal
